
Microsoft Visual Studio Solution File, Format Version 12.00
# Visual Studio Version 16
VisualStudioVersion = 16.0.30413.136
MinimumVisualStudioVersion = 10.0.40219.1
Project("{FAE04EC0-301F-11D3-BF4B-00C04F79EFBC}") = "FullProject", "FullProject\FullProject.csproj", "{6EF462A2-0064-492C-8FAB-4042DA4DC88E}"
EndProject
Global
	GlobalSection(SolutionConfigurationPlatforms) = preSolution
		Debug|Any CPU = Debug|Any CPU
		Release|Any CPU = Release|Any CPU
	EndGlobalSection
	GlobalSection(ProjectConfigurationPlatforms) = postSolution
		{6EF462A2-0064-492C-8FAB-4042DA4DC88E}.Debug|Any CPU.ActiveCfg = Debug|Any CPU
		{6EF462A2-0064-492C-8FAB-4042DA4DC88E}.Debug|Any CPU.Build.0 = Debug|Any CPU
		{6EF462A2-0064-492C-8FAB-4042DA4DC88E}.Release|Any CPU.ActiveCfg = Release|Any CPU
		{6EF462A2-0064-492C-8FAB-4042DA4DC88E}.Release|Any CPU.Build.0 = Release|Any CPU
	EndGlobalSection
	GlobalSection(SolutionProperties) = preSolution
		HideSolutionNode = FALSE
	EndGlobalSection
	GlobalSection(ExtensibilityGlobals) = postSolution
		SolutionGuid = {0D23E386-3A9A-499B-9F1F-71F22799B2DE}
	EndGlobalSection
EndGlobal
